// !$*UTF8*$!
{
	archiveVersion = 1;
	classes = {
	};
	objectVersion = 46;
	objects = {

/* Begin PBXBuildFile section */
		A123185B1A88703400F91A24 /* ConnectionViewController.swift in Sources */ = {isa = PBXBuildFile; fileRef = A123185A1A88703400F91A24 /* ConnectionViewController.swift */; };
		A157118D1A8343C200F4995F /* myViewController2.swift in Sources */ = {isa = PBXBuildFile; fileRef = A157118C1A8343C200F4995F /* myViewController2.swift */; };
		A162831D1A7B10C3002CCB08 /* test.swift in Sources */ = {isa = PBXBuildFile; fileRef = A162831C1A7B10C3002CCB08 /* test.swift */; };
		A162832A1A7B1F0F002CCB08 /* ysocket.swift in Sources */ = {isa = PBXBuildFile; fileRef = A16283271A7B1F0F002CCB08 /* ysocket.swift */; };
		A162832B1A7B1F0F002CCB08 /* yudpsocket.c in Sources */ = {isa = PBXBuildFile; fileRef = A16283281A7B1F0F002CCB08 /* yudpsocket.c */; };
		A162832C1A7B1F0F002CCB08 /* yudpsocket.swift in Sources */ = {isa = PBXBuildFile; fileRef = A16283291A7B1F0F002CCB08 /* yudpsocket.swift */; };
		A1D737031A72CE10007011AF /* AppDelegate.swift in Sources */ = {isa = PBXBuildFile; fileRef = A1D737021A72CE10007011AF /* AppDelegate.swift */; };
		A1D737051A72CE10007011AF /* ViewController.swift in Sources */ = {isa = PBXBuildFile; fileRef = A1D737041A72CE10007011AF /* ViewController.swift */; };
		A1D737081A72CE10007011AF /* Main.storyboard in Resources */ = {isa = PBXBuildFile; fileRef = A1D737061A72CE10007011AF /* Main.storyboard */; };
		A1D7370A1A72CE10007011AF /* Images.xcassets in Resources */ = {isa = PBXBuildFile; fileRef = A1D737091A72CE10007011AF /* Images.xcassets */; };
		A1D7370D1A72CE10007011AF /* LaunchScreen.xib in Resources */ = {isa = PBXBuildFile; fileRef = A1D7370B1A72CE10007011AF /* LaunchScreen.xib */; };
		A1D737191A72CE10007011AF /* H_Mobile_RobotTests.swift in Sources */ = {isa = PBXBuildFile; fileRef = A1D737181A72CE10007011AF /* H_Mobile_RobotTests.swift */; };
/* End PBXBuildFile section */

/* Begin PBXContainerItemProxy section */
		A1D737131A72CE10007011AF /* PBXContainerItemProxy */ = {
			isa = PBXContainerItemProxy;
			containerPortal = A1D736F51A72CE10007011AF /* Project object */;
			proxyType = 1;
			remoteGlobalIDString = A1D736FC1A72CE10007011AF;
			remoteInfo = "H-Mobile Robot";
		};
/* End PBXContainerItemProxy section */

/* Begin PBXFileReference section */
		A123185A1A88703400F91A24 /* ConnectionViewController.swift */ = {isa = PBXFileReference; fileEncoding = 4; lastKnownFileType = sourcecode.swift; path = ConnectionViewController.swift; sourceTree = "<group>"; };
		A157118C1A8343C200F4995F /* myViewController2.swift */ = {isa = PBXFileReference; fileEncoding = 4; lastKnownFileType = sourcecode.swift; path = myViewController2.swift; sourceTree = "<group>"; };
		A162831C1A7B10C3002CCB08 /* test.swift */ = {isa = PBXFileReference; fileEncoding = 4; lastKnownFileType = sourcecode.swift; path = test.swift; sourceTree = "<group>"; };
		A16283271A7B1F0F002CCB08 /* ysocket.swift */ = {isa = PBXFileReference; fileEncoding = 4; lastKnownFileType = sourcecode.swift; path = ysocket.swift; sourceTree = "<group>"; };
		A16283281A7B1F0F002CCB08 /* yudpsocket.c */ = {isa = PBXFileReference; fileEncoding = 4; lastKnownFileType = sourcecode.c.c; path = yudpsocket.c; sourceTree = "<group>"; };
		A16283291A7B1F0F002CCB08 /* yudpsocket.swift */ = {isa = PBXFileReference; fileEncoding = 4; lastKnownFileType = sourcecode.swift; path = yudpsocket.swift; sourceTree = "<group>"; };
		A162832D1A7B1F27002CCB08 /* ysocket-ios.h */ = {isa = PBXFileReference; lastKnownFileType = sourcecode.c.h; path = "ysocket-ios.h"; sourceTree = "<group>"; };
		A1D736FD1A72CE10007011AF /* H-Mobile Robot.app */ = {isa = PBXFileReference; explicitFileType = wrapper.application; includeInIndex = 0; path = "H-Mobile Robot.app"; sourceTree = BUILT_PRODUCTS_DIR; };
		A1D737011A72CE10007011AF /* Info.plist */ = {isa = PBXFileReference; lastKnownFileType = text.plist.xml; path = Info.plist; sourceTree = "<group>"; };
		A1D737021A72CE10007011AF /* AppDelegate.swift */ = {isa = PBXFileReference; lastKnownFileType = sourcecode.swift; path = AppDelegate.swift; sourceTree = "<group>"; };
		A1D737041A72CE10007011AF /* ViewController.swift */ = {isa = PBXFileReference; lastKnownFileType = sourcecode.swift; path = ViewController.swift; sourceTree = "<group>"; };
		A1D737071A72CE10007011AF /* Base */ = {isa = PBXFileReference; lastKnownFileType = file.storyboard; name = Base; path = Base.lproj/Main.storyboard; sourceTree = "<group>"; };
		A1D737091A72CE10007011AF /* Images.xcassets */ = {isa = PBXFileReference; lastKnownFileType = folder.assetcatalog; path = Images.xcassets; sourceTree = "<group>"; };
		A1D7370C1A72CE10007011AF /* Base */ = {isa = PBXFileReference; lastKnownFileType = file.xib; name = Base; path = Base.lproj/LaunchScreen.xib; sourceTree = "<group>"; };
		A1D737121A72CE10007011AF /* H-Mobile RobotTests.xctest */ = {isa = PBXFileReference; explicitFileType = wrapper.cfbundle; includeInIndex = 0; path = "H-Mobile RobotTests.xctest"; sourceTree = BUILT_PRODUCTS_DIR; };
		A1D737171A72CE10007011AF /* Info.plist */ = {isa = PBXFileReference; lastKnownFileType = text.plist.xml; path = Info.plist; sourceTree = "<group>"; };
		A1D737181A72CE10007011AF /* H_Mobile_RobotTests.swift */ = {isa = PBXFileReference; lastKnownFileType = sourcecode.swift; path = H_Mobile_RobotTests.swift; sourceTree = "<group>"; };
/* End PBXFileReference section */

/* Begin PBXFrameworksBuildPhase section */
		A1D736FA1A72CE10007011AF /* Frameworks */ = {
			isa = PBXFrameworksBuildPhase;
			buildActionMask = 2147483647;
			files = (
			);
			runOnlyForDeploymentPostprocessing = 0;
		};
		A1D7370F1A72CE10007011AF /* Frameworks */ = {
			isa = PBXFrameworksBuildPhase;
			buildActionMask = 2147483647;
			files = (
			);
			runOnlyForDeploymentPostprocessing = 0;
		};
/* End PBXFrameworksBuildPhase section */

/* Begin PBXGroup section */
		A16283251A7B1EAD002CCB08 /* Wifi */ = {
			isa = PBXGroup;
			children = (
				A16283271A7B1F0F002CCB08 /* ysocket.swift */,
				A16283281A7B1F0F002CCB08 /* yudpsocket.c */,
				A16283291A7B1F0F002CCB08 /* yudpsocket.swift */,
				A162832D1A7B1F27002CCB08 /* ysocket-ios.h */,
			);
			name = Wifi;
			sourceTree = "<group>";
		};
		A1D736F41A72CE10007011AF = {
			isa = PBXGroup;
			children = (
				A1D736FF1A72CE10007011AF /* H-Mobile Robot */,
				A1D737151A72CE10007011AF /* H-Mobile RobotTests */,
				A1D736FE1A72CE10007011AF /* Products */,
			);
			sourceTree = "<group>";
		};
		A1D736FE1A72CE10007011AF /* Products */ = {
			isa = PBXGroup;
			children = (
				A1D736FD1A72CE10007011AF /* H-Mobile Robot.app */,
				A1D737121A72CE10007011AF /* H-Mobile RobotTests.xctest */,
			);
			name = Products;
			sourceTree = "<group>";
		};
		A1D736FF1A72CE10007011AF /* H-Mobile Robot */ = {
			isa = PBXGroup;
			children = (
				A1D737021A72CE10007011AF /* AppDelegate.swift */,
				A1D737041A72CE10007011AF /* ViewController.swift */,
				A157118C1A8343C200F4995F /* myViewController2.swift */,
				A123185A1A88703400F91A24 /* ConnectionViewController.swift */,
				A1D737061A72CE10007011AF /* Main.storyboard */,
				A162831C1A7B10C3002CCB08 /* test.swift */,
				A16283251A7B1EAD002CCB08 /* Wifi */,
				A1D737091A72CE10007011AF /* Images.xcassets */,
				A1D7370B1A72CE10007011AF /* LaunchScreen.xib */,
				A1D737001A72CE10007011AF /* Supporting Files */,
			);
			path = "H-Mobile Robot";
			sourceTree = "<group>";
		};
		A1D737001A72CE10007011AF /* Supporting Files */ = {
			isa = PBXGroup;
			children = (
				A1D737011A72CE10007011AF /* Info.plist */,
			);
			name = "Supporting Files";
			sourceTree = "<group>";
		};
		A1D737151A72CE10007011AF /* H-Mobile RobotTests */ = {
			isa = PBXGroup;
			children = (
				A1D737181A72CE10007011AF /* H_Mobile_RobotTests.swift */,
				A1D737161A72CE10007011AF /* Supporting Files */,
			);
			path = "H-Mobile RobotTests";
			sourceTree = "<group>";
		};
		A1D737161A72CE10007011AF /* Supporting Files */ = {
			isa = PBXGroup;
			children = (
				A1D737171A72CE10007011AF /* Info.plist */,
			);
			name = "Supporting Files";
			sourceTree = "<group>";
		};
/* End PBXGroup section */

/* Begin PBXNativeTarget section */
		A1D736FC1A72CE10007011AF /* H-Mobile Robot */ = {
			isa = PBXNativeTarget;
			buildConfigurationList = A1D7371C1A72CE10007011AF /* Build configuration list for PBXNativeTarget "H-Mobile Robot" */;
			buildPhases = (
				A1D736F91A72CE10007011AF /* Sources */,
				A1D736FA1A72CE10007011AF /* Frameworks */,
				A1D736FB1A72CE10007011AF /* Resources */,
			);
			buildRules = (
			);
			dependencies = (
			);
			name = "H-Mobile Robot";
			productName = "H-Mobile Robot";
			productReference = A1D736FD1A72CE10007011AF /* H-Mobile Robot.app */;
			productType = "com.apple.product-type.application";
		};
		A1D737111A72CE10007011AF /* H-Mobile RobotTests */ = {
			isa = PBXNativeTarget;
			buildConfigurationList = A1D7371F1A72CE10007011AF /* Build configuration list for PBXNativeTarget "H-Mobile RobotTests" */;
			buildPhases = (
				A1D7370E1A72CE10007011AF /* Sources */,
				A1D7370F1A72CE10007011AF /* Frameworks */,
				A1D737101A72CE10007011AF /* Resources */,
			);
			buildRules = (
			);
			dependencies = (
				A1D737141A72CE10007011AF /* PBXTargetDependency */,
			);
			name = "H-Mobile RobotTests";
			productName = "H-Mobile RobotTests";
			productReference = A1D737121A72CE10007011AF /* H-Mobile RobotTests.xctest */;
			productType = "com.apple.product-type.bundle.unit-test";
		};
/* End PBXNativeTarget section */

/* Begin PBXProject section */
		A1D736F51A72CE10007011AF /* Project object */ = {
			isa = PBXProject;
			attributes = {
				LastUpgradeCheck = 0610;
				ORGANIZATIONNAME = "Yongqinchuan Du";
				TargetAttributes = {
					A1D736FC1A72CE10007011AF = {
						CreatedOnToolsVersion = 6.1.1;
						DevelopmentTeam = B883V85P4R;
					};
					A1D737111A72CE10007011AF = {
						CreatedOnToolsVersion = 6.1.1;
						DevelopmentTeam = B883V85P4R;
						TestTargetID = A1D736FC1A72CE10007011AF;
					};
				};
			};
			buildConfigurationList = A1D736F81A72CE10007011AF /* Build configuration list for PBXProject "H-Mobile Robot" */;
			compatibilityVersion = "Xcode 3.2";
			developmentRegion = English;
			hasScannedForEncodings = 0;
			knownRegions = (
				en,
				Base,
			);
			mainGroup = A1D736F41A72CE10007011AF;
			productRefGroup = A1D736FE1A72CE10007011AF /* Products */;
			projectDirPath = "";
			projectRoot = "";
			targets = (
				A1D736FC1A72CE10007011AF /* H-Mobile Robot */,
				A1D737111A72CE10007011AF /* H-Mobile RobotTests */,
			);
		};
/* End PBXProject section */

/* Begin PBXResourcesBuildPhase section */
		A1D736FB1A72CE10007011AF /* Resources */ = {
			isa = PBXResourcesBuildPhase;
			buildActionMask = 2147483647;
			files = (
				A1D737081A72CE10007011AF /* Main.storyboard in Resources */,
				A1D7370D1A72CE10007011AF /* LaunchScreen.xib in Resources */,
				A1D7370A1A72CE10007011AF /* Images.xcassets in Resources */,
			);
			runOnlyForDeploymentPostprocessing = 0;
		};
		A1D737101A72CE10007011AF /* Resources */ = {
			isa = PBXResourcesBuildPhase;
			buildActionMask = 2147483647;
			files = (
			);
			runOnlyForDeploymentPostprocessing = 0;
		};
/* End PBXResourcesBuildPhase section */

/* Begin PBXSourcesBuildPhase section */
		A1D736F91A72CE10007011AF /* Sources */ = {
			isa = PBXSourcesBuildPhase;
			buildActionMask = 2147483647;
			files = (
				A123185B1A88703400F91A24 /* ConnectionViewController.swift in Sources */,
				A162832C1A7B1F0F002CCB08 /* yudpsocket.swift in Sources */,
				A1D737051A72CE10007011AF /* ViewController.swift in Sources */,
				A162832B1A7B1F0F002CCB08 /* yudpsocket.c in Sources */,
				A162831D1A7B10C3002CCB08 /* test.swift in Sources */,
				A162832A1A7B1F0F002CCB08 /* ysocket.swift in Sources */,
				A1D737031A72CE10007011AF /* AppDelegate.swift in Sources */,
				A157118D1A8343C200F4995F /* myViewController2.swift in Sources */,
			);
			runOnlyForDeploymentPostprocessing = 0;
		};
		A1D7370E1A72CE10007011AF /* Sources */ = {
			isa = PBXSourcesBuildPhase;
			buildActionMask = 2147483647;
			files = (
				A1D737191A72CE10007011AF /* H_Mobile_RobotTests.swift in Sources */,
			);
			runOnlyForDeploymentPostprocessing = 0;
		};
/* End PBXSourcesBuildPhase section */

/* Begin PBXTargetDependency section */
		A1D737141A72CE10007011AF /* PBXTargetDependency */ = {
			isa = PBXTargetDependency;
			target = A1D736FC1A72CE10007011AF /* H-Mobile Robot */;
			targetProxy = A1D737131A72CE10007011AF /* PBXContainerItemProxy */;
		};
/* End PBXTargetDependency section */

/* Begin PBXVariantGroup section */
		A1D737061A72CE10007011AF /* Main.storyboard */ = {
			isa = PBXVariantGroup;
			children = (
				A1D737071A72CE10007011AF /* Base */,
			);
			name = Main.storyboard;
			sourceTree = "<group>";
		};
		A1D7370B1A72CE10007011AF /* LaunchScreen.xib */ = {
			isa = PBXVariantGroup;
			children = (
				A1D7370C1A72CE10007011AF /* Base */,
			);
			name = LaunchScreen.xib;
			sourceTree = "<group>";
		};
/* End PBXVariantGroup section */

/* Begin XCBuildConfiguration section */
		A1D7371A1A72CE10007011AF /* Debug */ = {
			isa = XCBuildConfiguration;
			buildSettings = {
				ALWAYS_SEARCH_USER_PATHS = NO;
				CLANG_CXX_LANGUAGE_STANDARD = "gnu++0x";
				CLANG_CXX_LIBRARY = "libc++";
				CLANG_ENABLE_MODULES = YES;
				CLANG_ENABLE_OBJC_ARC = YES;
				CLANG_WARN_BOOL_CONVERSION = YES;
				CLANG_WARN_CONSTANT_CONVERSION = YES;
				CLANG_WARN_DIRECT_OBJC_ISA_USAGE = YES_ERROR;
				CLANG_WARN_EMPTY_BODY = YES;
				CLANG_WARN_ENUM_CONVERSION = YES;
				CLANG_WARN_INT_CONVERSION = YES;
				CLANG_WARN_OBJC_ROOT_CLASS = YES_ERROR;
				CLANG_WARN_UNREACHABLE_CODE = YES;
				CLANG_WARN__DUPLICATE_METHOD_MATCH = YES;
				"CODE_SIGN_IDENTITY[sdk=iphoneos*]" = "iPhone Developer";
				COPY_PHASE_STRIP = NO;
				ENABLE_STRICT_OBJC_MSGSEND = YES;
				GCC_C_LANGUAGE_STANDARD = gnu99;
				GCC_DYNAMIC_NO_PIC = NO;
				GCC_OPTIMIZATION_LEVEL = 0;
				GCC_PREPROCESSOR_DEFINITIONS = (
					"DEBUG=1",
					"$(inherited)",
				);
				GCC_SYMBOLS_PRIVATE_EXTERN = NO;
				GCC_WARN_64_TO_32_BIT_CONVERSION = YES;
				GCC_WARN_ABOUT_RETURN_TYPE = YES_ERROR;
				GCC_WARN_UNDECLARED_SELECTOR = YES;
				GCC_WARN_UNINITIALIZED_AUTOS = YES_AGGRESSIVE;
				GCC_WARN_UNUSED_FUNCTION = YES;
				GCC_WARN_UNUSED_VARIABLE = YES;
				IPHONEOS_DEPLOYMENT_TARGET = 8.1;
				MTL_ENABLE_DEBUG_INFO = YES;
				ONLY_ACTIVE_ARCH = YES;
				SDKROOT = iphoneos;
				SWIFT_OPTIMIZATION_LEVEL = "-Onone";
				TARGETED_DEVICE_FAMILY = "1,2";
			};
			name = Debug;
		};
		A1D7371B1A72CE10007011AF /* Release */ = {
			isa = XCBuildConfiguration;
			buildSettings = {
				ALWAYS_SEARCH_USER_PATHS = NO;
				CLANG_CXX_LANGUAGE_STANDARD = "gnu++0x";
				CLANG_CXX_LIBRARY = "libc++";
				CLANG_ENABLE_MODULES = YES;
				CLANG_ENABLE_OBJC_ARC = YES;
				CLANG_WARN_BOOL_CONVERSION = YES;
				CLANG_WARN_CONSTANT_CONVERSION = YES;
				CLANG_WARN_DIRECT_OBJC_ISA_USAGE = YES_ERROR;
				CLANG_WARN_EMPTY_BODY = YES;
				CLANG_WARN_ENUM_CONVERSION = YES;
				CLANG_WARN_INT_CONVERSION = YES;
				CLANG_WARN_OBJC_ROOT_CLASS = YES_ERROR;
				CLANG_WARN_UNREACHABLE_CODE = YES;
				CLANG_WARN__DUPLICATE_METHOD_MATCH = YES;
				"CODE_SIGN_IDENTITY[sdk=iphoneos*]" = "iPhone Developer";
				COPY_PHASE_STRIP = YES;
				ENABLE_NS_ASSERTIONS = NO;
				ENABLE_STRICT_OBJC_MSGSEND = YES;
				GCC_C_LANGUAGE_STANDARD = gnu99;
				GCC_WARN_64_TO_32_BIT_CONVERSION = YES;
				GCC_WARN_ABOUT_RETURN_TYPE = YES_ERROR;
				GCC_WARN_UNDECLARED_SELECTOR = YES;
				GCC_WARN_UNINITIALIZED_AUTOS = YES_AGGRESSIVE;
				GCC_WARN_UNUSED_FUNCTION = YES;
				GCC_WARN_UNUSED_VARIABLE = YES;
				IPHONEOS_DEPLOYMENT_TARGET = 8.1;
				MTL_ENABLE_DEBUG_INFO = NO;
				SDKROOT = iphoneos;
				TARGETED_DEVICE_FAMILY = "1,2";
				VALIDATE_PRODUCT = YES;
			};
			name = Release;
		};
		A1D7371D1A72CE10007011AF /* Debug */ = {
			isa = XCBuildConfiguration;
			buildSettings = {
				ASSETCATALOG_COMPILER_APPICON_NAME = AppIcon;
				CLANG_ENABLE_MODULES = YES;
				INFOPLIST_FILE = "H-Mobile Robot/Info.plist";
				LD_RUNPATH_SEARCH_PATHS = "$(inherited) @executable_path/Frameworks";
				PRODUCT_NAME = "$(TARGET_NAME)";
				SWIFT_OBJC_BRIDGING_HEADER = "H-Mobile Robot/H-Mobile Robot-Bridging-Header.h";
				SWIFT_OPTIMIZATION_LEVEL = "-Onone";
			};
			name = Debug;
		};
		A1D7371E1A72CE10007011AF /* Release */ = {
			isa = XCBuildConfiguration;
			buildSettings = {
				ASSETCATALOG_COMPILER_APPICON_NAME = AppIcon;
				CLANG_ENABLE_MODULES = YES;
				INFOPLIST_FILE = "H-Mobile Robot/Info.plist";
				LD_RUNPATH_SEARCH_PATHS = "$(inherited) @executable_path/Frameworks";
				PRODUCT_NAME = "$(TARGET_NAME)";
				SWIFT_OBJC_BRIDGING_HEADER = "H-Mobile Robot/H-Mobile Robot-Bridging-Header.h";
			};
			name = Release;
		};
		A1D737201A72CE10007011AF /* Debug */ = {
			isa = XCBuildConfiguration;
			buildSettings = {
				BUNDLE_LOADER = "$(TEST_HOST)";
				CODE_SIGN_IDENTITY = "iPhone Developer";
				"CODE_SIGN_IDENTITY[sdk=iphoneos*]" = "iPhone Developer";
				FRAMEWORK_SEARCH_PATHS = (
					"$(SDKROOT)/Developer/Library/Frameworks",
					"$(inherited)",
				);
				GCC_PREPROCESSOR_DEFINITIONS = (
					"DEBUG=1",
					"$(inherited)",
				);
				INFOPLIST_FILE = "H-Mobile RobotTests/Info.plist";
				LD_RUNPATH_SEARCH_PATHS = "$(inherited) @executable_path/Frameworks @loader_path/Frameworks";
				PRODUCT_NAME = "$(TARGET_NAME)";
				PROVISIONING_PROFILE = "";
				TEST_HOST = "$(BUILT_PRODUCTS_DIR)/H-Mobile Robot.app/H-Mobile Robot";
			};
			name = Debug;
		};
		A1D737211A72CE10007011AF /* Release */ = {
			isa = XCBuildConfiguration;
			buildSettings = {
				BUNDLE_LOADER = "$(TEST_HOST)";
				CODE_SIGN_IDENTITY = "iPhone Developer";
				"CODE_SIGN_IDENTITY[sdk=iphoneos*]" = "iPhone Developer";
				FRAMEWORK_SEARCH_PATHS = (
					"$(SDKROOT)/Developer/Library/Frameworks",
					"$(inherited)",
				);
				INFOPLIST_FILE = "H-Mobile RobotTests/Info.plist";
				LD_RUNPATH_SEARCH_PATHS = "$(inherited) @executable_path/Frameworks @loader_path/Frameworks";
				PRODUCT_NAME = "$(TARGET_NAME)";
				PROVISIONING_PROFILE = "";
				TEST_HOST = "$(BUILT_PRODUCTS_DIR)/H-Mobile Robot.app/H-Mobile Robot";
			};
			name = Release;
		};
/* End XCBuildConfiguration section */

/* Begin XCConfigurationList section */
		A1D736F81A72CE10007011AF /* Build configuration list for PBXProject "H-Mobile Robot" */ = {
			isa = XCConfigurationList;
			buildConfigurations = (
				A1D7371A1A72CE10007011AF /* Debug */,
				A1D7371B1A72CE10007011AF /* Release */,
			);
			defaultConfigurationIsVisible = 0;
			defaultConfigurationName = Release;
		};
		A1D7371C1A72CE10007011AF /* Build configuration list for PBXNativeTarget "H-Mobile Robot" */ = {
			isa = XCConfigurationList;
			buildConfigurations = (
				A1D7371D1A72CE10007011AF /* Debug */,
				A1D7371E1A72CE10007011AF /* Release */,
			);
			defaultConfigurationIsVisible = 0;
			defaultConfigurationName = Release;
		};
		A1D7371F1A72CE10007011AF /* Build configuration list for PBXNativeTarget "H-Mobile RobotTests" */ = {
			isa = XCConfigurationList;
			buildConfigurations = (
				A1D737201A72CE10007011AF /* Debug */,
				A1D737211A72CE10007011AF /* Release */,
			);
			defaultConfigurationIsVisible = 0;
			defaultConfigurationName = Release;
		};
/* End XCConfigurationList section */
	};
	rootObject = A1D736F51A72CE10007011AF /* Project object */;
}
